
Microsoft Visual Studio Solution File, Format Version 12.00
# Visual Studio Version 17
VisualStudioVersion = 17.5.002.0
MinimumVisualStudioVersion = 10.0.40219.1
Project("{9A19103F-16F7-4668-BE54-9A1E7A4F7556}") = "cosmos-db-dotnet", "cosmos-db-dotnet.csproj", "{8EFAA380-85DA-4A53-B25D-6D651A35C198}"
EndProject
Global
	GlobalSection(SolutionConfigurationPlatforms) = preSolution
		Debug|Any CPU = Debug|Any CPU
		Release|Any CPU = Release|Any CPU
	EndGlobalSection
	GlobalSection(ProjectConfigurationPlatforms) = postSolution
		{8EFAA380-85DA-4A53-B25D-6D651A35C198}.Debug|Any CPU.ActiveCfg = Debug|Any CPU
		{8EFAA380-85DA-4A53-B25D-6D651A35C198}.Debug|Any CPU.Build.0 = Debug|Any CPU
		{8EFAA380-85DA-4A53-B25D-6D651A35C198}.Release|Any CPU.ActiveCfg = Release|Any CPU
		{8EFAA380-85DA-4A53-B25D-6D651A35C198}.Release|Any CPU.Build.0 = Release|Any CPU
	EndGlobalSection
	GlobalSection(SolutionProperties) = preSolution
		HideSolutionNode = FALSE
	EndGlobalSection
	GlobalSection(ExtensibilityGlobals) = postSolution
		SolutionGuid = {A3B54B8F-AF9C-416A-8635-7CD5846C1E3B}
	EndGlobalSection
EndGlobal
